
Microsoft Visual Studio Solution File, Format Version 12.00
# Visual Studio Version 17
VisualStudioVersion = 17.2.32526.322
MinimumVisualStudioVersion = 10.0.40219.1
Project("{FAE04EC0-301F-11D3-BF4B-00C04F79EFBC}") = "Catalogo.API", "Catalogo.API\Catalogo.API.csproj", "{3936BE71-9666-43CF-BEE6-8572C9297DEC}"
EndProject
Project("{FAE04EC0-301F-11D3-BF4B-00C04F79EFBC}") = "Catalogo.Core", "Catalogo.Core\Catalogo.Core.csproj", "{B172458F-74AA-4355-96FA-62EC9329FEDB}"
EndProject
Global
	GlobalSection(SolutionConfigurationPlatforms) = preSolution
		Debug|Any CPU = Debug|Any CPU
		Release|Any CPU = Release|Any CPU
	EndGlobalSection
	GlobalSection(ProjectConfigurationPlatforms) = postSolution
		{3936BE71-9666-43CF-BEE6-8572C9297DEC}.Debug|Any CPU.ActiveCfg = Debug|Any CPU
		{3936BE71-9666-43CF-BEE6-8572C9297DEC}.Debug|Any CPU.Build.0 = Debug|Any CPU
		{3936BE71-9666-43CF-BEE6-8572C9297DEC}.Release|Any CPU.ActiveCfg = Release|Any CPU
		{3936BE71-9666-43CF-BEE6-8572C9297DEC}.Release|Any CPU.Build.0 = Release|Any CPU
		{B172458F-74AA-4355-96FA-62EC9329FEDB}.Debug|Any CPU.ActiveCfg = Debug|Any CPU
		{B172458F-74AA-4355-96FA-62EC9329FEDB}.Debug|Any CPU.Build.0 = Debug|Any CPU
		{B172458F-74AA-4355-96FA-62EC9329FEDB}.Release|Any CPU.ActiveCfg = Release|Any CPU
		{B172458F-74AA-4355-96FA-62EC9329FEDB}.Release|Any CPU.Build.0 = Release|Any CPU
	EndGlobalSection
	GlobalSection(SolutionProperties) = preSolution
		HideSolutionNode = FALSE
	EndGlobalSection
	GlobalSection(ExtensibilityGlobals) = postSolution
		SolutionGuid = {7AE59266-4527-4AAE-B680-E7A4D91562A4}
	EndGlobalSection
EndGlobal
